PODS:
  - Alamofire (4.9.1)
  - AlamofireImage (3.6.0):
    - Alamofire (~> 4.9)

DEPENDENCIES:
  - AlamofireImage

SPEC REPOS:
  trunk:
    - Alamofire
    - AlamofireImage

SPEC CHECKSUMS:
  Alamofire: 85e8a02c69d6020a0d734f6054870d7ecb75cf18
  AlamofireImage: be9963c6582d68b39e89191f64c82a7d7bf40fdd

PODFILE CHECKSUM: 1770b11afd6af1739fb8bf47e5a8dde780f34732

COCOAPODS: 1.8.4
